
Microsoft Visual Studio Solution File, Format Version 12.00
# Visual Studio Version 16
VisualStudioVersion = 16.0.30114.105
MinimumVisualStudioVersion = 10.0.40219.1
Project("{FAE04EC0-301F-11D3-BF4B-00C04F79EFBC}") = "BlazorHelloWorld", "BlazorHelloWorld.csproj", "{275956A6-75D2-406C-B905-8CAAA1BEA66C}"
EndProject
Global
	GlobalSection(SolutionConfigurationPlatforms) = preSolution
		Debug|Any CPU = Debug|Any CPU
		Release|Any CPU = Release|Any CPU
	EndGlobalSection
	GlobalSection(ProjectConfigurationPlatforms) = postSolution
		{275956A6-75D2-406C-B905-8CAAA1BEA66C}.Debug|Any CPU.ActiveCfg = Debug|Any CPU
		{275956A6-75D2-406C-B905-8CAAA1BEA66C}.Debug|Any CPU.Build.0 = Debug|Any CPU
		{275956A6-75D2-406C-B905-8CAAA1BEA66C}.Release|Any CPU.ActiveCfg = Release|Any CPU
		{275956A6-75D2-406C-B905-8CAAA1BEA66C}.Release|Any CPU.Build.0 = Release|Any CPU
	EndGlobalSection
	GlobalSection(SolutionProperties) = preSolution
		HideSolutionNode = FALSE
	EndGlobalSection
	GlobalSection(ExtensibilityGlobals) = postSolution
		SolutionGuid = {F451282E-2D63-4287-8A16-8ECD2D22DD75}
	EndGlobalSection
EndGlobal
